
Microsoft Visual Studio Solution File, Format Version 12.00
# Visual Studio Version 16
VisualStudioVersion = 16.0.30907.101
MinimumVisualStudioVersion = 10.0.40219.1
Project("{FAE04EC0-301F-11D3-BF4B-00C04F79EFBC}") = "EntityFrameworkCore.ExpressionHelp", "EntityFrameworkCore.ExpressionHelp\EntityFrameworkCore.ExpressionHelp.csproj", "{AD5A6D35-E358-405D-89C9-7F0F8029463A}"
EndProject
Global
	GlobalSection(SolutionConfigurationPlatforms) = preSolution
		Debug|Any CPU = Debug|Any CPU
		Release|Any CPU = Release|Any CPU
	EndGlobalSection
	GlobalSection(ProjectConfigurationPlatforms) = postSolution
		{AD5A6D35-E358-405D-89C9-7F0F8029463A}.Debug|Any CPU.ActiveCfg = Debug|Any CPU
		{AD5A6D35-E358-405D-89C9-7F0F8029463A}.Debug|Any CPU.Build.0 = Debug|Any CPU
		{AD5A6D35-E358-405D-89C9-7F0F8029463A}.Release|Any CPU.ActiveCfg = Release|Any CPU
		{AD5A6D35-E358-405D-89C9-7F0F8029463A}.Release|Any CPU.Build.0 = Release|Any CPU
	EndGlobalSection
	GlobalSection(SolutionProperties) = preSolution
		HideSolutionNode = FALSE
	EndGlobalSection
	GlobalSection(ExtensibilityGlobals) = postSolution
		SolutionGuid = {BF1467C3-9543-41FE-84AF-B97C44AD110E}
	EndGlobalSection
EndGlobal
